{
  "version": 1,
  "dependencies": {
    "net10.0-windows10.0.19041": {
      "BouncyCastle.Cryptography": {
        "type": "Transitive",
        "resolved": "2.7.0",
        "contentHash": "U+12df8UEWHgBi04YVf/Lgi2dy3SItlIYvHjjEVa/BngCQIzDCDRBk50DDByCfDvSbe5pRNFr3b7UrVK2kMcLw=="
      },
      "phonebridge.connection": {
        "type": "Project",
        "dependencies": {
          "PhoneBridge.Credentials": "[1.0.0, )",
          "PhoneBridge.Mounting": "[1.0.0, )",
          "PhoneBridge.Pairing": "[1.0.0, )"
        }
      },
      "phonebridge.credentials": {
        "type": "Project",
        "dependencies": {
          "BouncyCastle.Cryptography": "[2.7.0, 2.7.0]"
        }
      },
      "phonebridge.discovery": {
        "type": "Project"
      },
      "phonebridge.discovery.windows": {
        "type": "Project",
        "dependencies": {
          "PhoneBridge.Discovery": "[1.0.0, )"
        }
      },
      "phonebridge.mounting": {
        "type": "Project",
        "dependencies": {
          "PhoneBridge.Discovery": "[1.0.0, )"
        }
      },
      "phonebridge.pairing": {
        "type": "Project",
        "dependencies": {
          "BouncyCastle.Cryptography": "[2.7.0, 2.7.0]"
        }
      }
    },
    "net10.0-windows10.0.19041/win-x64": {}
  }
}