# This is a Gradle generated file for dependency locking.
# Manual edits can break the build and are not advised.
# This file is expected to be part of source control.
androidx.annotation:annotation-experimental:1.1.0=debugAndroidTestCompileClasspath,debugAndroidTestRuntimeClasspath
androidx.annotation:annotation:1.2.0=debugAndroidTestCompileClasspath,debugAndroidTestRuntimeClasspath
androidx.concurrent:concurrent-futures:1.1.0=debugAndroidTestCompileClasspath,debugAndroidTestRuntimeClasspath
androidx.lifecycle:lifecycle-common:2.3.1=debugAndroidTestCompileClasspath,debugAndroidTestRuntimeClasspath
androidx.test.ext:junit:1.1.5=debugAndroidTestCompileClasspath,debugAndroidTestRuntimeClasspath
androidx.test.services:storage:1.4.2=debugAndroidTestCompileClasspath,debugAndroidTestRuntimeClasspath
androidx.test:annotation:1.0.1=debugAndroidTestCompileClasspath,debugAndroidTestRuntimeClasspath
androidx.test:core:1.5.0=debugAndroidTestCompileClasspath,debugAndroidTestRuntimeClasspath
androidx.test:monitor:1.6.1=debugAndroidTestCompileClasspath,debugAndroidTestRuntimeClasspath
androidx.test:runner:1.5.2=debugAndroidTestCompileClasspath,debugAndroidTestRuntimeClasspath
androidx.tracing:tracing:1.0.0=debugAndroidTestCompileClasspath,debugAndroidTestRuntimeClasspath
com.google.code.findbugs:jsr305:2.0.2=debugAndroidTestCompileClasspath,debugAndroidTestRuntimeClasspath
com.google.guava:listenablefuture:1.0=debugAndroidTestCompileClasspath,debugAndroidTestRuntimeClasspath
junit:junit:4.13.2=debugAndroidTestCompileClasspath,debugAndroidTestRuntimeClasspath,debugUnitTestCompileClasspath,debugUnitTestRuntimeClasspath
org.bouncycastle:bcpkix-jdk18on:1.86=debugAndroidTestCompileClasspath,debugCompileClasspath,debugLintChecksClasspath,debugRuntimeClasspath,debugUnitTestCompileClasspath,debugUnitTestRuntimeClasspath,releaseCompileClasspath,releaseLintChecksClasspath,releaseRuntimeClasspath
org.bouncycastle:bcprov-jdk18on:1.86=debugAndroidTestCompileClasspath,debugCompileClasspath,debugLintChecksClasspath,debugRuntimeClasspath,debugUnitTestCompileClasspath,debugUnitTestRuntimeClasspath,releaseCompileClasspath,releaseLintChecksClasspath,releaseRuntimeClasspath
org.bouncycastle:bcutil-jdk18on:1.86=debugAndroidTestCompileClasspath,debugCompileClasspath,debugLintChecksClasspath,debugRuntimeClasspath,debugUnitTestCompileClasspath,debugUnitTestRuntimeClasspath,releaseCompileClasspath,releaseLintChecksClasspath,releaseRuntimeClasspath
org.hamcrest:hamcrest-core:1.3=debugAndroidTestCompileClasspath,debugAndroidTestRuntimeClasspath,debugUnitTestCompileClasspath,debugUnitTestRuntimeClasspath
org.jetbrains.kotlin:kotlin-build-tools-api:2.2.10=kotlinBuildToolsApiClasspath
org.jetbrains.kotlin:kotlin-build-tools-impl:2.2.10=kotlinBuildToolsApiClasspath
org.jetbrains.kotlin:kotlin-compiler-embeddable:2.2.10=kotlinBuildToolsApiClasspath,kotlinCompilerClasspath
org.jetbrains.kotlin:kotlin-compiler-runner:2.2.10=kotlinBuildToolsApiClasspath
org.jetbrains.kotlin:kotlin-daemon-client:2.2.10=kotlinBuildToolsApiClasspath
org.jetbrains.kotlin:kotlin-daemon-embeddable:2.2.10=kotlinBuildToolsApiClasspath,kotlinCompilerClasspath
org.jetbrains.kotlin:kotlin-reflect:1.6.10=kotlinBuildToolsApiClasspath,kotlinCompilerClasspath
org.jetbrains.kotlin:kotlin-script-runtime:2.2.10=kotlinBuildToolsApiClasspath,kotlinCompilerClasspath
org.jetbrains.kotlin:kotlin-scripting-common:2.2.10=kotlinBuildToolsApiClasspath
org.jetbrains.kotlin:kotlin-scripting-compiler-embeddable:2.2.10=kotlinBuildToolsApiClasspath
org.jetbrains.kotlin:kotlin-scripting-compiler-impl-embeddable:2.2.10=kotlinBuildToolsApiClasspath
org.jetbrains.kotlin:kotlin-scripting-jvm:2.2.10=kotlinBuildToolsApiClasspath
org.jetbrains.kotlin:kotlin-stdlib:2.2.10=debugAndroidTestCompileClasspath,debugAndroidTestRuntimeClasspath,debugCompileClasspath,debugLintChecksClasspath,debugRuntimeClasspath,debugUnitTestCompileClasspath,debugUnitTestRuntimeClasspath,kotlinBuildToolsApiClasspath,kotlinCompilerClasspath,releaseCompileClasspath,releaseLintChecksClasspath,releaseRuntimeClasspath
org.jetbrains.kotlinx:kotlinx-coroutines-core-jvm:1.8.0=kotlinBuildToolsApiClasspath,kotlinCompilerClasspath
org.jetbrains:annotations:13.0=debugAndroidTestCompileClasspath,debugAndroidTestRuntimeClasspath,debugCompileClasspath,debugLintChecksClasspath,debugRuntimeClasspath,debugUnitTestCompileClasspath,debugUnitTestRuntimeClasspath,kotlinBuildToolsApiClasspath,kotlinCompilerClasspath,releaseCompileClasspath,releaseLintChecksClasspath,releaseRuntimeClasspath
empty=androidApis,debugAndroidTestAnnotationProcessorClasspath,debugAnnotationProcessorClasspath,debugReverseMetadataValues,debugUnitTestAnnotationProcessorClasspath,kotlinCompilerPluginClasspath,lintChecks,releaseAnnotationProcessorClasspath,releaseReverseMetadataValues
