{
  "version": 1,
  "dependencies": {
    "net10.0": {
      "BouncyCastle.Cryptography": {
        "type": "Direct",
        "requested": "[2.7.0, )",
        "resolved": "2.7.0",
        "contentHash": "U+12df8UEWHgBi04YVf/Lgi2dy3SItlIYvHjjEVa/BngCQIzDCDRBk50DDByCfDvSbe5pRNFr3b7UrVK2kMcLw=="
      }
    }
  }
}